
Microsoft Visual Studio Solution File, Format Version 12.00
# Visual Studio Version 16
VisualStudioVersion = 16.0.29411.138
MinimumVisualStudioVersion = 10.0.40219.1
Project("{FAE04EC0-301F-11D3-BF4B-00C04F79EFBC}") = "TBW.Common.Lib4", "TBW.Common.Lib4\TBW.Common.Lib4.csproj", "{44D207DA-8C8E-4BA1-9E97-1CC03D2CD65A}"
EndProject
Project("{9A19103F-16F7-4668-BE54-9A1E7A4F7556}") = "TBW.Common.Lib", "TBW.Common.Lib\TBW.Common.Lib.csproj", "{34F60787-1F34-4638-B2B4-FE426DE96AEF}"
EndProject
Global
	GlobalSection(SolutionConfigurationPlatforms) = preSolution
		Debug|Any CPU = Debug|Any CPU
		Release|Any CPU = Release|Any CPU
	EndGlobalSection
	GlobalSection(ProjectConfigurationPlatforms) = postSolution
		{44D207DA-8C8E-4BA1-9E97-1CC03D2CD65A}.Debug|Any CPU.ActiveCfg = Debug|Any CPU
		{44D207DA-8C8E-4BA1-9E97-1CC03D2CD65A}.Debug|Any CPU.Build.0 = Debug|Any CPU
		{44D207DA-8C8E-4BA1-9E97-1CC03D2CD65A}.Release|Any CPU.ActiveCfg = Release|Any CPU
		{44D207DA-8C8E-4BA1-9E97-1CC03D2CD65A}.Release|Any CPU.Build.0 = Release|Any CPU
		{34F60787-1F34-4638-B2B4-FE426DE96AEF}.Debug|Any CPU.ActiveCfg = Debug|Any CPU
		{34F60787-1F34-4638-B2B4-FE426DE96AEF}.Debug|Any CPU.Build.0 = Debug|Any CPU
		{34F60787-1F34-4638-B2B4-FE426DE96AEF}.Release|Any CPU.ActiveCfg = Release|Any CPU
		{34F60787-1F34-4638-B2B4-FE426DE96AEF}.Release|Any CPU.Build.0 = Release|Any CPU
	EndGlobalSection
	GlobalSection(SolutionProperties) = preSolution
		HideSolutionNode = FALSE
	EndGlobalSection
	GlobalSection(ExtensibilityGlobals) = postSolution
		SolutionGuid = {09810A5A-3C49-45E2-B083-2936050BD7BD}
	EndGlobalSection
EndGlobal
